
Microsoft Visual Studio Solution File, Format Version 12.00
# Visual Studio Version 17
VisualStudioVersion = 17.4.33110.190
MinimumVisualStudioVersion = 10.0.40219.1
Project("{9A19103F-16F7-4668-BE54-9A1E7A4F7556}") = "Assessment_C-Sharp", "Assessment_C-Sharp\Assessment_C-Sharp.csproj", "{293369D9-04CF-42B5-BB2A-27A3693F6E84}"
EndProject
Global
	GlobalSection(SolutionConfigurationPlatforms) = preSolution
		Debug|Any CPU = Debug|Any CPU
		Release|Any CPU = Release|Any CPU
	EndGlobalSection
	GlobalSection(ProjectConfigurationPlatforms) = postSolution
		{293369D9-04CF-42B5-BB2A-27A3693F6E84}.Debug|Any CPU.ActiveCfg = Debug|Any CPU
		{293369D9-04CF-42B5-BB2A-27A3693F6E84}.Debug|Any CPU.Build.0 = Debug|Any CPU
		{293369D9-04CF-42B5-BB2A-27A3693F6E84}.Release|Any CPU.ActiveCfg = Release|Any CPU
		{293369D9-04CF-42B5-BB2A-27A3693F6E84}.Release|Any CPU.Build.0 = Release|Any CPU
	EndGlobalSection
	GlobalSection(SolutionProperties) = preSolution
		HideSolutionNode = FALSE
	EndGlobalSection
	GlobalSection(ExtensibilityGlobals) = postSolution
		SolutionGuid = {A05E572D-A46A-4D07-9D3E-C2005C81F470}
	EndGlobalSection
EndGlobal
